// !$*UTF8*$!
{
	archiveVersion = 1;
	classes = {
	};
	objectVersion = 56;
	objects = {

/* Begin PBXBuildFile section */
		528BABC12C218900007AEFFD /* AppDelegate.swift in Sources */ = {isa = PBXBuildFile; fileRef = 528BABC02C218900007AEFFD /* AppDelegate.swift */; };
		528BABC32C218900007AEFFD /* SceneDelegate.swift in Sources */ = {isa = PBXBuildFile; fileRef = 528BABC22C218900007AEFFD /* SceneDelegate.swift */; };
		528BABC52C218900007AEFFD /* ViewController.swift in Sources */ = {isa = PBXBuildFile; fileRef = 528BABC42C218900007AEFFD /* ViewController.swift */; };
		528BABC82C218900007AEFFD /* Main.storyboard in Resources */ = {isa = PBXBuildFile; fileRef = 528BABC62C218900007AEFFD /* Main.storyboard */; };
		528BABCA2C218903007AEFFD /* Assets.xcassets in Resources */ = {isa = PBXBuildFile; fileRef = 528BABC92C218903007AEFFD /* Assets.xcassets */; };
		528BABCD2C218903007AEFFD /* LaunchScreen.storyboard in Resources */ = {isa = PBXBuildFile; fileRef = 528BABCB2C218903007AEFFD /* LaunchScreen.storyboard */; };
		528BABD52C218D5B007AEFFD /* SignUpViewController.swift in Sources */ = {isa = PBXBuildFile; fileRef = 528BABD42C218D5B007AEFFD /* SignUpViewController.swift */; };
		528BABD72C218D7F007AEFFD /* LogInViewController.swift in Sources */ = {isa = PBXBuildFile; fileRef = 528BABD62C218D7F007AEFFD /* LogInViewController.swift */; };
		528BABDC2C247461007AEFFD /* FirebaseAuth in Frameworks */ = {isa = PBXBuildFile; productRef = 528BABDB2C247461007AEFFD /* FirebaseAuth */; };
		528BABEC2C259FAA007AEFFD /* AlertMessage.swift in Sources */ = {isa = PBXBuildFile; fileRef = 528BABEB2C259FAA007AEFFD /* AlertMessage.swift */; };
		528BABEF2C25A1DD007AEFFD /* GoogleSignIn in Frameworks */ = {isa = PBXBuildFile; productRef = 528BABEE2C25A1DD007AEFFD /* GoogleSignIn */; };
		528BABF12C25A1DD007AEFFD /* GoogleSignInSwift in Frameworks */ = {isa = PBXBuildFile; productRef = 528BABF02C25A1DD007AEFFD /* GoogleSignInSwift */; };
		528BABF32C25A5E7007AEFFD /* GoogleService-Info.plist in Resources */ = {isa = PBXBuildFile; fileRef = 528BABF22C25A5E7007AEFFD /* GoogleService-Info.plist */; };
		52CAC70D2C29D05A006406F7 /* ValidationModel.swift in Sources */ = {isa = PBXBuildFile; fileRef = 52CAC70C2C29D05A006406F7 /* ValidationModel.swift */; };
		52CAC70F2C2F2BDD006406F7 /* API.swift in Sources */ = {isa = PBXBuildFile; fileRef = 52CAC70E2C2F2BDD006406F7 /* API.swift */; };
/* End PBXBuildFile section */

/* Begin PBXFileReference section */
		528BABBD2C218900007AEFFD /* firebaseAuthPractice.app */ = {isa = PBXFileReference; explicitFileType = wrapper.application; includeInIndex = 0; path = firebaseAuthPractice.app; sourceTree = BUILT_PRODUCTS_DIR; };
		528BABC02C218900007AEFFD /* AppDelegate.swift */ = {isa = PBXFileReference; lastKnownFileType = sourcecode.swift; path = AppDelegate.swift; sourceTree = "<group>"; };
		528BABC22C218900007AEFFD /* SceneDelegate.swift */ = {isa = PBXFileReference; lastKnownFileType = sourcecode.swift; path = SceneDelegate.swift; sourceTree = "<group>"; };
		528BABC42C218900007AEFFD /* ViewController.swift */ = {isa = PBXFileReference; lastKnownFileType = sourcecode.swift; path = ViewController.swift; sourceTree = "<group>"; };
		528BABC72C218900007AEFFD /* Base */ = {isa = PBXFileReference; lastKnownFileType = file.storyboard; name = Base; path = Base.lproj/Main.storyboard; sourceTree = "<group>"; };
		528BABC92C218903007AEFFD /* Assets.xcassets */ = {isa = PBXFileReference; lastKnownFileType = folder.assetcatalog; path = Assets.xcassets; sourceTree = "<group>"; };
		528BABCC2C218903007AEFFD /* Base */ = {isa = PBXFileReference; lastKnownFileType = file.storyboard; name = Base; path = Base.lproj/LaunchScreen.storyboard; sourceTree = "<group>"; };
		528BABCE2C218903007AEFFD /* Info.plist */ = {isa = PBXFileReference; lastKnownFileType = text.plist.xml; path = Info.plist; sourceTree = "<group>"; };
		528BABD42C218D5B007AEFFD /* SignUpViewController.swift */ = {isa = PBXFileReference; lastKnownFileType = sourcecode.swift; path = SignUpViewController.swift; sourceTree = "<group>"; };
		528BABD62C218D7F007AEFFD /* LogInViewController.swift */ = {isa = PBXFileReference; lastKnownFileType = sourcecode.swift; path = LogInViewController.swift; sourceTree = "<group>"; };
		528BABEB2C259FAA007AEFFD /* AlertMessage.swift */ = {isa = PBXFileReference; lastKnownFileType = sourcecode.swift; path = AlertMessage.swift; sourceTree = "<group>"; };
		528BABF22C25A5E7007AEFFD /* GoogleService-Info.plist */ = {isa = PBXFileReference; fileEncoding = 4; lastKnownFileType = text.plist.xml; path = "GoogleService-Info.plist"; sourceTree = "<group>"; };
		52CAC70C2C29D05A006406F7 /* ValidationModel.swift */ = {isa = PBXFileReference; lastKnownFileType = sourcecode.swift; path = ValidationModel.swift; sourceTree = "<group>"; };
		52CAC70E2C2F2BDD006406F7 /* API.swift */ = {isa = PBXFileReference; lastKnownFileType = sourcecode.swift; path = API.swift; sourceTree = "<group>"; };
/* End PBXFileReference section */

/* Begin PBXFrameworksBuildPhase section */
		528BABBA2C218900007AEFFD /* Frameworks */ = {
			isa = PBXFrameworksBuildPhase;
			buildActionMask = 2147483647;
			files = (
				528BABF12C25A1DD007AEFFD /* GoogleSignInSwift in Frameworks */,
				528BABEF2C25A1DD007AEFFD /* GoogleSignIn in Frameworks */,
				528BABDC2C247461007AEFFD /* FirebaseAuth in Frameworks */,
			);
			runOnlyForDeploymentPostprocessing = 0;
		};
/* End PBXFrameworksBuildPhase section */

/* Begin PBXGroup section */
		528BABB42C218900007AEFFD = {
			isa = PBXGroup;
			children = (
				528BABBF2C218900007AEFFD /* firebaseAuthPractice */,
				528BABBE2C218900007AEFFD /* Products */,
			);
			sourceTree = "<group>";
		};
		528BABBE2C218900007AEFFD /* Products */ = {
			isa = PBXGroup;
			children = (
				528BABBD2C218900007AEFFD /* firebaseAuthPractice.app */,
			);
			name = Products;
			sourceTree = "<group>";
		};
		528BABBF2C218900007AEFFD /* firebaseAuthPractice */ = {
			isa = PBXGroup;
			children = (
				52CAC70B2C29CF7F006406F7 /* Other */,
				52CAC70A2C29CF4E006406F7 /* Model */,
				52CAC7092C29CF45006406F7 /* View */,
				52CAC7082C29CF3A006406F7 /* Controller */,
				528BABCE2C218903007AEFFD /* Info.plist */,
				528BABF22C25A5E7007AEFFD /* GoogleService-Info.plist */,
			);
			path = firebaseAuthPractice;
			sourceTree = "<group>";
		};
		52CAC7082C29CF3A006406F7 /* Controller */ = {
			isa = PBXGroup;
			children = (
				528BABD42C218D5B007AEFFD /* SignUpViewController.swift */,
				528BABC42C218900007AEFFD /* ViewController.swift */,
				528BABD62C218D7F007AEFFD /* LogInViewController.swift */,
			);
			path = Controller;
			sourceTree = "<group>";
		};
		52CAC7092C29CF45006406F7 /* View */ = {
			isa = PBXGroup;
			children = (
				528BABCB2C218903007AEFFD /* LaunchScreen.storyboard */,
				528BABC62C218900007AEFFD /* Main.storyboard */,
			);
			path = View;
			sourceTree = "<group>";
		};
		52CAC70A2C29CF4E006406F7 /* Model */ = {
			isa = PBXGroup;
			children = (
				528BABEB2C259FAA007AEFFD /* AlertMessage.swift */,
				52CAC70C2C29D05A006406F7 /* ValidationModel.swift */,
				52CAC70E2C2F2BDD006406F7 /* API.swift */,
			);
			path = Model;
			sourceTree = "<group>";
		};
		52CAC70B2C29CF7F006406F7 /* Other */ = {
			isa = PBXGroup;
			children = (
				528BABC92C218903007AEFFD /* Assets.xcassets */,
				528BABC22C218900007AEFFD /* SceneDelegate.swift */,
				528BABC02C218900007AEFFD /* AppDelegate.swift */,
			);
			path = Other;
			sourceTree = "<group>";
		};
/* End PBXGroup section */

/* Begin PBXNativeTarget section */
		528BABBC2C218900007AEFFD /* firebaseAuthPractice */ = {
			isa = PBXNativeTarget;
			buildConfigurationList = 528BABD12C218903007AEFFD /* Build configuration list for PBXNativeTarget "firebaseAuthPractice" */;
			buildPhases = (
				528BABB92C218900007AEFFD /* Sources */,
				528BABBA2C218900007AEFFD /* Frameworks */,
				528BABBB2C218900007AEFFD /* Resources */,
			);
			buildRules = (
			);
			dependencies = (
			);
			name = firebaseAuthPractice;
			packageProductDependencies = (
				528BABDB2C247461007AEFFD /* FirebaseAuth */,
				528BABEE2C25A1DD007AEFFD /* GoogleSignIn */,
				528BABF02C25A1DD007AEFFD /* GoogleSignInSwift */,
			);
			productName = firebaseAuthPractice;
			productReference = 528BABBD2C218900007AEFFD /* firebaseAuthPractice.app */;
			productType = "com.apple.product-type.application";
		};
/* End PBXNativeTarget section */

/* Begin PBXProject section */
		528BABB52C218900007AEFFD /* Project object */ = {
			isa = PBXProject;
			attributes = {
				BuildIndependentTargetsInParallel = 1;
				LastSwiftUpdateCheck = 1430;
				LastUpgradeCheck = 1430;
				TargetAttributes = {
					528BABBC2C218900007AEFFD = {
						CreatedOnToolsVersion = 14.3.1;
					};
				};
			};
			buildConfigurationList = 528BABB82C218900007AEFFD /* Build configuration list for PBXProject "firebaseAuthPractice" */;
			compatibilityVersion = "Xcode 14.0";
			developmentRegion = en;
			hasScannedForEncodings = 0;
			knownRegions = (
				en,
				Base,
			);
			mainGroup = 528BABB42C218900007AEFFD;
			packageReferences = (
				528BABDA2C247461007AEFFD /* XCRemoteSwiftPackageReference "firebase-ios-sdk" */,
				528BABED2C25A1DD007AEFFD /* XCRemoteSwiftPackageReference "GoogleSignIn-iOS" */,
			);
			productRefGroup = 528BABBE2C218900007AEFFD /* Products */;
			projectDirPath = "";
			projectRoot = "";
			targets = (
				528BABBC2C218900007AEFFD /* firebaseAuthPractice */,
			);
		};
/* End PBXProject section */

/* Begin PBXResourcesBuildPhase section */
		528BABBB2C218900007AEFFD /* Resources */ = {
			isa = PBXResourcesBuildPhase;
			buildActionMask = 2147483647;
			files = (
				528BABCD2C218903007AEFFD /* LaunchScreen.storyboard in Resources */,
				528BABF32C25A5E7007AEFFD /* GoogleService-Info.plist in Resources */,
				528BABCA2C218903007AEFFD /* Assets.xcassets in Resources */,
				528BABC82C218900007AEFFD /* Main.storyboard in Resources */,
			);
			runOnlyForDeploymentPostprocessing = 0;
		};
/* End PBXResourcesBuildPhase section */

/* Begin PBXSourcesBuildPhase section */
		528BABB92C218900007AEFFD /* Sources */ = {
			isa = PBXSourcesBuildPhase;
			buildActionMask = 2147483647;
			files = (
				528BABC52C218900007AEFFD /* ViewController.swift in Sources */,
				528BABC12C218900007AEFFD /* AppDelegate.swift in Sources */,
				52CAC70D2C29D05A006406F7 /* ValidationModel.swift in Sources */,
				528BABD52C218D5B007AEFFD /* SignUpViewController.swift in Sources */,
				528BABD72C218D7F007AEFFD /* LogInViewController.swift in Sources */,
				528BABEC2C259FAA007AEFFD /* AlertMessage.swift in Sources */,
				52CAC70F2C2F2BDD006406F7 /* API.swift in Sources */,
				528BABC32C218900007AEFFD /* SceneDelegate.swift in Sources */,
			);
			runOnlyForDeploymentPostprocessing = 0;
		};
/* End PBXSourcesBuildPhase section */

/* Begin PBXVariantGroup section */
		528BABC62C218900007AEFFD /* Main.storyboard */ = {
			isa = PBXVariantGroup;
			children = (
				528BABC72C218900007AEFFD /* Base */,
			);
			name = Main.storyboard;
			sourceTree = "<group>";
		};
		528BABCB2C218903007AEFFD /* LaunchScreen.storyboard */ = {
			isa = PBXVariantGroup;
			children = (
				528BABCC2C218903007AEFFD /* Base */,
			);
			name = LaunchScreen.storyboard;
			sourceTree = "<group>";
		};
/* End PBXVariantGroup section */

/* Begin XCBuildConfiguration section */
		528BABCF2C218903007AEFFD /* Debug */ = {
			isa = XCBuildConfiguration;
			buildSettings = {
				ALWAYS_SEARCH_USER_PATHS = NO;
				CLANG_ANALYZER_NONNULL = YES;
				CLANG_ANALYZER_NUMBER_OBJECT_CONVERSION = YES_AGGRESSIVE;
				CLANG_CXX_LANGUAGE_STANDARD = "gnu++20";
				CLANG_ENABLE_MODULES = YES;
				CLANG_ENABLE_OBJC_ARC = YES;
				CLANG_ENABLE_OBJC_WEAK = YES;
				CLANG_WARN_BLOCK_CAPTURE_AUTORELEASING = YES;
				CLANG_WARN_BOOL_CONVERSION = YES;
				CLANG_WARN_COMMA = YES;
				CLANG_WARN_CONSTANT_CONVERSION = YES;
				CLANG_WARN_DEPRECATED_OBJC_IMPLEMENTATIONS = YES;
				CLANG_WARN_DIRECT_OBJC_ISA_USAGE = YES_ERROR;
				CLANG_WARN_DOCUMENTATION_COMMENTS = YES;
				CLANG_WARN_EMPTY_BODY = YES;
				CLANG_WARN_ENUM_CONVERSION = YES;
				CLANG_WARN_INFINITE_RECURSION = YES;
				CLANG_WARN_INT_CONVERSION = YES;
				CLANG_WARN_NON_LITERAL_NULL_CONVERSION = YES;
				CLANG_WARN_OBJC_IMPLICIT_RETAIN_SELF = YES;
				CLANG_WARN_OBJC_LITERAL_CONVERSION = YES;
				CLANG_WARN_OBJC_ROOT_CLASS = YES_ERROR;
				CLANG_WARN_QUOTED_INCLUDE_IN_FRAMEWORK_HEADER = YES;
				CLANG_WARN_RANGE_LOOP_ANALYSIS = YES;
				CLANG_WARN_STRICT_PROTOTYPES = YES;
				CLANG_WARN_SUSPICIOUS_MOVE = YES;
				CLANG_WARN_UNGUARDED_AVAILABILITY = YES_AGGRESSIVE;
				CLANG_WARN_UNREACHABLE_CODE = YES;
				CLANG_WARN__DUPLICATE_METHOD_MATCH = YES;
				COPY_PHASE_STRIP = NO;
				DEBUG_INFORMATION_FORMAT = dwarf;
				ENABLE_STRICT_OBJC_MSGSEND = YES;
				ENABLE_TESTABILITY = YES;
				GCC_C_LANGUAGE_STANDARD = gnu11;
				GCC_DYNAMIC_NO_PIC = NO;
				GCC_NO_COMMON_BLOCKS = YES;
				GCC_OPTIMIZATION_LEVEL = 0;
				GCC_PREPROCESSOR_DEFINITIONS = (
					"DEBUG=1",
					"$(inherited)",
				);
				GCC_WARN_64_TO_32_BIT_CONVERSION = YES;
				GCC_WARN_ABOUT_RETURN_TYPE = YES_ERROR;
				GCC_WARN_UNDECLARED_SELECTOR = YES;
				GCC_WARN_UNINITIALIZED_AUTOS = YES_AGGRESSIVE;
				GCC_WARN_UNUSED_FUNCTION = YES;
				GCC_WARN_UNUSED_VARIABLE = YES;
				IPHONEOS_DEPLOYMENT_TARGET = 16.4;
				MTL_ENABLE_DEBUG_INFO = INCLUDE_SOURCE;
				MTL_FAST_MATH = YES;
				ONLY_ACTIVE_ARCH = YES;
				SDKROOT = iphoneos;
				SWIFT_ACTIVE_COMPILATION_CONDITIONS = DEBUG;
				SWIFT_OPTIMIZATION_LEVEL = "-Onone";
			};
			name = Debug;
		};
		528BABD02C218903007AEFFD /* Release */ = {
			isa = XCBuildConfiguration;
			buildSettings = {
				ALWAYS_SEARCH_USER_PATHS = NO;
				CLANG_ANALYZER_NONNULL = YES;
				CLANG_ANALYZER_NUMBER_OBJECT_CONVERSION = YES_AGGRESSIVE;
				CLANG_CXX_LANGUAGE_STANDARD = "gnu++20";
				CLANG_ENABLE_MODULES = YES;
				CLANG_ENABLE_OBJC_ARC = YES;
				CLANG_ENABLE_OBJC_WEAK = YES;
				CLANG_WARN_BLOCK_CAPTURE_AUTORELEASING = YES;
				CLANG_WARN_BOOL_CONVERSION = YES;
				CLANG_WARN_COMMA = YES;
				CLANG_WARN_CONSTANT_CONVERSION = YES;
				CLANG_WARN_DEPRECATED_OBJC_IMPLEMENTATIONS = YES;
				CLANG_WARN_DIRECT_OBJC_ISA_USAGE = YES_ERROR;
				CLANG_WARN_DOCUMENTATION_COMMENTS = YES;
				CLANG_WARN_EMPTY_BODY = YES;
				CLANG_WARN_ENUM_CONVERSION = YES;
				CLANG_WARN_INFINITE_RECURSION = YES;
				CLANG_WARN_INT_CONVERSION = YES;
				CLANG_WARN_NON_LITERAL_NULL_CONVERSION = YES;
				CLANG_WARN_OBJC_IMPLICIT_RETAIN_SELF = YES;
				CLANG_WARN_OBJC_LITERAL_CONVERSION = YES;
				CLANG_WARN_OBJC_ROOT_CLASS = YES_ERROR;
				CLANG_WARN_QUOTED_INCLUDE_IN_FRAMEWORK_HEADER = YES;
				CLANG_WARN_RANGE_LOOP_ANALYSIS = YES;
				CLANG_WARN_STRICT_PROTOTYPES = YES;
				CLANG_WARN_SUSPICIOUS_MOVE = YES;
				CLANG_WARN_UNGUARDED_AVAILABILITY = YES_AGGRESSIVE;
				CLANG_WARN_UNREACHABLE_CODE = YES;
				CLANG_WARN__DUPLICATE_METHOD_MATCH = YES;
				COPY_PHASE_STRIP = NO;
				DEBUG_INFORMATION_FORMAT = "dwarf-with-dsym";
				ENABLE_NS_ASSERTIONS = NO;
				ENABLE_STRICT_OBJC_MSGSEND = YES;
				GCC_C_LANGUAGE_STANDARD = gnu11;
				GCC_NO_COMMON_BLOCKS = YES;
				GCC_WARN_64_TO_32_BIT_CONVERSION = YES;
				GCC_WARN_ABOUT_RETURN_TYPE = YES_ERROR;
				GCC_WARN_UNDECLARED_SELECTOR = YES;
				GCC_WARN_UNINITIALIZED_AUTOS = YES_AGGRESSIVE;
				GCC_WARN_UNUSED_FUNCTION = YES;
				GCC_WARN_UNUSED_VARIABLE = YES;
				IPHONEOS_DEPLOYMENT_TARGET = 16.4;
				MTL_ENABLE_DEBUG_INFO = NO;
				MTL_FAST_MATH = YES;
				SDKROOT = iphoneos;
				SWIFT_COMPILATION_MODE = wholemodule;
				SWIFT_OPTIMIZATION_LEVEL = "-O";
				VALIDATE_PRODUCT = YES;
			};
			name = Release;
		};
		528BABD22C218903007AEFFD /* Debug */ = {
			isa = XCBuildConfiguration;
			buildSettings = {
				ASSETCATALOG_COMPILER_APPICON_NAME = AppIcon;
				ASSETCATALOG_COMPILER_GLOBAL_ACCENT_COLOR_NAME = AccentColor;
				CODE_SIGN_STYLE = Automatic;
				CURRENT_PROJECT_VERSION = 1;
				GENERATE_INFOPLIST_FILE = YES;
				INFOPLIST_FILE = firebaseAuthPractice/Info.plist;
				INFOPLIST_KEY_UIApplicationSupportsIndirectInputEvents = YES;
				INFOPLIST_KEY_UILaunchStoryboardName = LaunchScreen;
				INFOPLIST_KEY_UIMainStoryboardFile = Main;
				INFOPLIST_KEY_UISupportedInterfaceOrientations_iPad = "UIInterfaceOrientationPortrait UIInterfaceOrientationPortraitUpsideDown UIInterfaceOrientationLandscapeLeft UIInterfaceOrientationLandscapeRight";
				INFOPLIST_KEY_UISupportedInterfaceOrientations_iPhone = "UIInterfaceOrientationPortrait UIInterfaceOrientationLandscapeLeft UIInterfaceOrientationLandscapeRight";
				LD_RUNPATH_SEARCH_PATHS = (
					"$(inherited)",
					"@executable_path/Frameworks",
				);
				MARKETING_VERSION = 1.0;
				PRODUCT_BUNDLE_IDENTIFIER = nisafatima.firebaseAuthPractice;
				PRODUCT_NAME = "$(TARGET_NAME)";
				SWIFT_EMIT_LOC_STRINGS = YES;
				SWIFT_VERSION = 5.0;
				TARGETED_DEVICE_FAMILY = "1,2";
			};
			name = Debug;
		};
		528BABD32C218903007AEFFD /* Release */ = {
			isa = XCBuildConfiguration;
			buildSettings = {
				ASSETCATALOG_COMPILER_APPICON_NAME = AppIcon;
				ASSETCATALOG_COMPILER_GLOBAL_ACCENT_COLOR_NAME = AccentColor;
				CODE_SIGN_STYLE = Automatic;
				CURRENT_PROJECT_VERSION = 1;
				GENERATE_INFOPLIST_FILE = YES;
				INFOPLIST_FILE = firebaseAuthPractice/Info.plist;
				INFOPLIST_KEY_UIApplicationSupportsIndirectInputEvents = YES;
				INFOPLIST_KEY_UILaunchStoryboardName = LaunchScreen;
				INFOPLIST_KEY_UIMainStoryboardFile = Main;
				INFOPLIST_KEY_UISupportedInterfaceOrientations_iPad = "UIInterfaceOrientationPortrait UIInterfaceOrientationPortraitUpsideDown UIInterfaceOrientationLandscapeLeft UIInterfaceOrientationLandscapeRight";
				INFOPLIST_KEY_UISupportedInterfaceOrientations_iPhone = "UIInterfaceOrientationPortrait UIInterfaceOrientationLandscapeLeft UIInterfaceOrientationLandscapeRight";
				LD_RUNPATH_SEARCH_PATHS = (
					"$(inherited)",
					"@executable_path/Frameworks",
				);
				MARKETING_VERSION = 1.0;
				PRODUCT_BUNDLE_IDENTIFIER = nisafatima.firebaseAuthPractice;
				PRODUCT_NAME = "$(TARGET_NAME)";
				SWIFT_EMIT_LOC_STRINGS = YES;
				SWIFT_VERSION = 5.0;
				TARGETED_DEVICE_FAMILY = "1,2";
			};
			name = Release;
		};
/* End XCBuildConfiguration section */

/* Begin XCConfigurationList section */
		528BABB82C218900007AEFFD /* Build configuration list for PBXProject "firebaseAuthPractice" */ = {
			isa = XCConfigurationList;
			buildConfigurations = (
				528BABCF2C218903007AEFFD /* Debug */,
				528BABD02C218903007AEFFD /* Release */,
			);
			defaultConfigurationIsVisible = 0;
			defaultConfigurationName = Release;
		};
		528BABD12C218903007AEFFD /* Build configuration list for PBXNativeTarget "firebaseAuthPractice" */ = {
			isa = XCConfigurationList;
			buildConfigurations = (
				528BABD22C218903007AEFFD /* Debug */,
				528BABD32C218903007AEFFD /* Release */,
			);
			defaultConfigurationIsVisible = 0;
			defaultConfigurationName = Release;
		};
/* End XCConfigurationList section */

/* Begin XCRemoteSwiftPackageReference section */
		528BABDA2C247461007AEFFD /* XCRemoteSwiftPackageReference "firebase-ios-sdk" */ = {
			isa = XCRemoteSwiftPackageReference;
			repositoryURL = "https://github.com/firebase/firebase-ios-sdk";
			requirement = {
				kind = upToNextMajorVersion;
				minimumVersion = 10.0.0;
			};
		};
		528BABED2C25A1DD007AEFFD /* XCRemoteSwiftPackageReference "GoogleSignIn-iOS" */ = {
			isa = XCRemoteSwiftPackageReference;
			repositoryURL = "https://github.com/google/GoogleSignIn-iOS";
			requirement = {
				kind = upToNextMajorVersion;
				minimumVersion = 7.0.0;
			};
		};
/* End XCRemoteSwiftPackageReference section */

/* Begin XCSwiftPackageProductDependency section */
		528BABDB2C247461007AEFFD /* FirebaseAuth */ = {
			isa = XCSwiftPackageProductDependency;
			package = 528BABDA2C247461007AEFFD /* XCRemoteSwiftPackageReference "firebase-ios-sdk" */;
			productName = FirebaseAuth;
		};
		528BABEE2C25A1DD007AEFFD /* GoogleSignIn */ = {
			isa = XCSwiftPackageProductDependency;
			package = 528BABED2C25A1DD007AEFFD /* XCRemoteSwiftPackageReference "GoogleSignIn-iOS" */;
			productName = GoogleSignIn;
		};
		528BABF02C25A1DD007AEFFD /* GoogleSignInSwift */ = {
			isa = XCSwiftPackageProductDependency;
			package = 528BABED2C25A1DD007AEFFD /* XCRemoteSwiftPackageReference "GoogleSignIn-iOS" */;
			productName = GoogleSignInSwift;
		};
/* End XCSwiftPackageProductDependency section */
	};
	rootObject = 528BABB52C218900007AEFFD /* Project object */;
}
